
Microsoft Visual Studio Solution File, Format Version 12.00
# Visual Studio Version 16
VisualStudioVersion = 16.0.31229.75
MinimumVisualStudioVersion = 10.0.40219.1
Project("{FAE04EC0-301F-11D3-BF4B-00C04F79EFBC}") = "GitHubDemo", "GitHubDemo\GitHubDemo.csproj", "{CA72A8AE-3B7A-4186-9144-4D4C7819D963}"
EndProject
Global
	GlobalSection(SolutionConfigurationPlatforms) = preSolution
		Debug|Any CPU = Debug|Any CPU
		Release|Any CPU = Release|Any CPU
	EndGlobalSection
	GlobalSection(ProjectConfigurationPlatforms) = postSolution
		{CA72A8AE-3B7A-4186-9144-4D4C7819D963}.Debug|Any CPU.ActiveCfg = Debug|Any CPU
		{CA72A8AE-3B7A-4186-9144-4D4C7819D963}.Debug|Any CPU.Build.0 = Debug|Any CPU
		{CA72A8AE-3B7A-4186-9144-4D4C7819D963}.Release|Any CPU.ActiveCfg = Release|Any CPU
		{CA72A8AE-3B7A-4186-9144-4D4C7819D963}.Release|Any CPU.Build.0 = Release|Any CPU
	EndGlobalSection
	GlobalSection(SolutionProperties) = preSolution
		HideSolutionNode = FALSE
	EndGlobalSection
	GlobalSection(ExtensibilityGlobals) = postSolution
		SolutionGuid = {906697BA-3B99-42EE-8101-EDB92A0E3C8D}
	EndGlobalSection
EndGlobal
